
Microsoft Visual Studio Solution File, Format Version 12.00
# Visual Studio Version 16
VisualStudioVersion = 16.0.29709.97
MinimumVisualStudioVersion = 10.0.40219.1
Project("{FAE04EC0-301F-11D3-BF4B-00C04F79EFBC}") = "Data", "Data\Data.csproj", "{8D2BD352-E5C0-4FEA-B41D-45C8FA0C7FC5}"
EndProject
Project("{FAE04EC0-301F-11D3-BF4B-00C04F79EFBC}") = "WebApi", "WebApi\WebApi.csproj", "{22706CB3-544B-4E89-8144-CB6C841821A6}"
EndProject
Project("{FAE04EC0-301F-11D3-BF4B-00C04F79EFBC}") = "Logic", "Logic\Logic.csproj", "{A86FD5E4-B466-4758-BE3F-B953476D8BE5}"
EndProject
Global
	GlobalSection(SolutionConfigurationPlatforms) = preSolution
		Debug|Any CPU = Debug|Any CPU
		Release|Any CPU = Release|Any CPU
	EndGlobalSection
	GlobalSection(ProjectConfigurationPlatforms) = postSolution
		{8D2BD352-E5C0-4FEA-B41D-45C8FA0C7FC5}.Debug|Any CPU.ActiveCfg = Debug|Any CPU
		{8D2BD352-E5C0-4FEA-B41D-45C8FA0C7FC5}.Debug|Any CPU.Build.0 = Debug|Any CPU
		{8D2BD352-E5C0-4FEA-B41D-45C8FA0C7FC5}.Release|Any CPU.ActiveCfg = Release|Any CPU
		{8D2BD352-E5C0-4FEA-B41D-45C8FA0C7FC5}.Release|Any CPU.Build.0 = Release|Any CPU
		{22706CB3-544B-4E89-8144-CB6C841821A6}.Debug|Any CPU.ActiveCfg = Debug|Any CPU
		{22706CB3-544B-4E89-8144-CB6C841821A6}.Debug|Any CPU.Build.0 = Debug|Any CPU
		{22706CB3-544B-4E89-8144-CB6C841821A6}.Release|Any CPU.ActiveCfg = Release|Any CPU
		{22706CB3-544B-4E89-8144-CB6C841821A6}.Release|Any CPU.Build.0 = Release|Any CPU
		{A86FD5E4-B466-4758-BE3F-B953476D8BE5}.Debug|Any CPU.ActiveCfg = Debug|Any CPU
		{A86FD5E4-B466-4758-BE3F-B953476D8BE5}.Debug|Any CPU.Build.0 = Debug|Any CPU
		{A86FD5E4-B466-4758-BE3F-B953476D8BE5}.Release|Any CPU.ActiveCfg = Release|Any CPU
		{A86FD5E4-B466-4758-BE3F-B953476D8BE5}.Release|Any CPU.Build.0 = Release|Any CPU
	EndGlobalSection
	GlobalSection(SolutionProperties) = preSolution
		HideSolutionNode = FALSE
	EndGlobalSection
	GlobalSection(ExtensibilityGlobals) = postSolution
		SolutionGuid = {19F4EE16-EAFD-4139-8E27-6CA14E845E6E}
	EndGlobalSection
EndGlobal
